
Microsoft Visual Studio Solution File, Format Version 12.00
# Visual Studio 15
VisualStudioVersion = 15.0.26430.6
MinimumVisualStudioVersion = 10.0.40219.1
Project("{FAE04EC0-301F-11D3-BF4B-00C04F79EFBC}") = "Logger", "Logger\Logger.csproj", "{6A516DC0-12C7-438B-A750-1F8147F9BB94}"
EndProject
Project("{FAE04EC0-301F-11D3-BF4B-00C04F79EFBC}") = "Logger.Test", "Logger.Test\Logger.Test.csproj", "{BD133369-A6E8-4B5A-AA7B-7A4833D64774}"
EndProject
Global
	GlobalSection(SolutionConfigurationPlatforms) = preSolution
		Debug|Any CPU = Debug|Any CPU
		Release|Any CPU = Release|Any CPU
	EndGlobalSection
	GlobalSection(ProjectConfigurationPlatforms) = postSolution
		{6A516DC0-12C7-438B-A750-1F8147F9BB94}.Debug|Any CPU.ActiveCfg = Debug|Any CPU
		{6A516DC0-12C7-438B-A750-1F8147F9BB94}.Debug|Any CPU.Build.0 = Debug|Any CPU
		{6A516DC0-12C7-438B-A750-1F8147F9BB94}.Release|Any CPU.ActiveCfg = Release|Any CPU
		{6A516DC0-12C7-438B-A750-1F8147F9BB94}.Release|Any CPU.Build.0 = Release|Any CPU
		{BD133369-A6E8-4B5A-AA7B-7A4833D64774}.Debug|Any CPU.ActiveCfg = Debug|Any CPU
		{BD133369-A6E8-4B5A-AA7B-7A4833D64774}.Debug|Any CPU.Build.0 = Debug|Any CPU
		{BD133369-A6E8-4B5A-AA7B-7A4833D64774}.Release|Any CPU.ActiveCfg = Release|Any CPU
		{BD133369-A6E8-4B5A-AA7B-7A4833D64774}.Release|Any CPU.Build.0 = Release|Any CPU
	EndGlobalSection
	GlobalSection(SolutionProperties) = preSolution
		HideSolutionNode = FALSE
	EndGlobalSection
EndGlobal
